
Microsoft Visual Studio Solution File, Format Version 12.00
# Visual Studio Version 17
VisualStudioVersion = 17.9.34902.65
MinimumVisualStudioVersion = 10.0.40219.1
Project("{FAE04EC0-301F-11D3-BF4B-00C04F79EFBC}") = "ödev-1.1", "ödev-1.1\ödev-1.1.csproj", "{3B568AA8-13D9-4912-9267-51AFAEDD0108}"
EndProject
Global
	GlobalSection(SolutionConfigurationPlatforms) = preSolution
		Debug|Any CPU = Debug|Any CPU
		Release|Any CPU = Release|Any CPU
	EndGlobalSection
	GlobalSection(ProjectConfigurationPlatforms) = postSolution
		{3B568AA8-13D9-4912-9267-51AFAEDD0108}.Debug|Any CPU.ActiveCfg = Debug|Any CPU
		{3B568AA8-13D9-4912-9267-51AFAEDD0108}.Debug|Any CPU.Build.0 = Debug|Any CPU
		{3B568AA8-13D9-4912-9267-51AFAEDD0108}.Release|Any CPU.ActiveCfg = Release|Any CPU
		{3B568AA8-13D9-4912-9267-51AFAEDD0108}.Release|Any CPU.Build.0 = Release|Any CPU
	EndGlobalSection
	GlobalSection(SolutionProperties) = preSolution
		HideSolutionNode = FALSE
	EndGlobalSection
	GlobalSection(ExtensibilityGlobals) = postSolution
		SolutionGuid = {C442F528-173D-406F-9CC0-2FF35A74201D}
	EndGlobalSection
EndGlobal
